
Microsoft Visual Studio Solution File, Format Version 12.00
# Visual Studio Version 17
VisualStudioVersion = 17.2.32616.157
MinimumVisualStudioVersion = 10.0.40219.1
Project("{FAE04EC0-301F-11D3-BF4B-00C04F79EFBC}") = "Getrankautomat", "Getrankautomat\Getrankautomat.csproj", "{CFA7C3B3-6409-4A06-A671-2AB1E149F9A0}"
EndProject
Global
	GlobalSection(SolutionConfigurationPlatforms) = preSolution
		Debug|Any CPU = Debug|Any CPU
		Release|Any CPU = Release|Any CPU
	EndGlobalSection
	GlobalSection(ProjectConfigurationPlatforms) = postSolution
		{CFA7C3B3-6409-4A06-A671-2AB1E149F9A0}.Debug|Any CPU.ActiveCfg = Debug|Any CPU
		{CFA7C3B3-6409-4A06-A671-2AB1E149F9A0}.Debug|Any CPU.Build.0 = Debug|Any CPU
		{CFA7C3B3-6409-4A06-A671-2AB1E149F9A0}.Release|Any CPU.ActiveCfg = Release|Any CPU
		{CFA7C3B3-6409-4A06-A671-2AB1E149F9A0}.Release|Any CPU.Build.0 = Release|Any CPU
	EndGlobalSection
	GlobalSection(SolutionProperties) = preSolution
		HideSolutionNode = FALSE
	EndGlobalSection
	GlobalSection(ExtensibilityGlobals) = postSolution
		SolutionGuid = {AD1794A4-C415-4865-AF95-5738C7597D1A}
	EndGlobalSection
EndGlobal
